
Microsoft Visual Studio Solution File, Format Version 12.00
# Visual Studio 14
VisualStudioVersion = 14.0.25123.0
MinimumVisualStudioVersion = 10.0.40219.1
Project("{FAE04EC0-301F-11D3-BF4B-00C04F79EFBC}") = "Lesson N6_HW1", "Lesson N6_HW1\Lesson N6_HW1.csproj", "{BC327A54-0C1F-4B5E-B7BF-A693FB759E8F}"
EndProject
Global
	GlobalSection(SolutionConfigurationPlatforms) = preSolution
		Debug|Any CPU = Debug|Any CPU
		Release|Any CPU = Release|Any CPU
	EndGlobalSection
	GlobalSection(ProjectConfigurationPlatforms) = postSolution
		{BC327A54-0C1F-4B5E-B7BF-A693FB759E8F}.Debug|Any CPU.ActiveCfg = Debug|Any CPU
		{BC327A54-0C1F-4B5E-B7BF-A693FB759E8F}.Debug|Any CPU.Build.0 = Debug|Any CPU
		{BC327A54-0C1F-4B5E-B7BF-A693FB759E8F}.Release|Any CPU.ActiveCfg = Release|Any CPU
		{BC327A54-0C1F-4B5E-B7BF-A693FB759E8F}.Release|Any CPU.Build.0 = Release|Any CPU
	EndGlobalSection
	GlobalSection(SolutionProperties) = preSolution
		HideSolutionNode = FALSE
	EndGlobalSection
EndGlobal
